
Microsoft Visual Studio Solution File, Format Version 12.00
# Visual Studio Version 17
VisualStudioVersion = 17.1.32228.430
MinimumVisualStudioVersion = 10.0.40219.1
Project("{9A19103F-16F7-4668-BE54-9A1E7A4F7556}") = "App", "App\App.csproj", "{F321B429-5624-47CC-9C1E-557FFC09C9FA}"
EndProject
Project("{9A19103F-16F7-4668-BE54-9A1E7A4F7556}") = "LibraryForApp", "Lib\LibraryForApp.csproj", "{1426E3FF-E90B-4949-813D-EA77BCCB3705}"
EndProject
Project("{9A19103F-16F7-4668-BE54-9A1E7A4F7556}") = "FakeMsal", "FakeMsal\FakeMsal.csproj", "{3D0E8FE1-92FC-4E06-A4F6-E611658BA3F2}"
EndProject
Project("{2150E333-8FDC-42A3-9474-1A3956D46DE8}") = "Solution Items", "Solution Items", "{949665C0-4BF4-49E5-8BF2-03298A7B72A4}"
	ProjectSection(SolutionItems) = preProject
		readme.md = readme.md
	EndProjectSection
EndProject
Global
	GlobalSection(SolutionConfigurationPlatforms) = preSolution
		Debug|Any CPU = Debug|Any CPU
		Release|Any CPU = Release|Any CPU
	EndGlobalSection
	GlobalSection(ProjectConfigurationPlatforms) = postSolution
		{F321B429-5624-47CC-9C1E-557FFC09C9FA}.Debug|Any CPU.ActiveCfg = Debug|Any CPU
		{F321B429-5624-47CC-9C1E-557FFC09C9FA}.Debug|Any CPU.Build.0 = Debug|Any CPU
		{F321B429-5624-47CC-9C1E-557FFC09C9FA}.Release|Any CPU.ActiveCfg = Release|Any CPU
		{F321B429-5624-47CC-9C1E-557FFC09C9FA}.Release|Any CPU.Build.0 = Release|Any CPU
		{1426E3FF-E90B-4949-813D-EA77BCCB3705}.Debug|Any CPU.ActiveCfg = Debug|Any CPU
		{1426E3FF-E90B-4949-813D-EA77BCCB3705}.Debug|Any CPU.Build.0 = Debug|Any CPU
		{1426E3FF-E90B-4949-813D-EA77BCCB3705}.Release|Any CPU.ActiveCfg = Release|Any CPU
		{1426E3FF-E90B-4949-813D-EA77BCCB3705}.Release|Any CPU.Build.0 = Release|Any CPU
		{3D0E8FE1-92FC-4E06-A4F6-E611658BA3F2}.Debug|Any CPU.ActiveCfg = Debug|Any CPU
		{3D0E8FE1-92FC-4E06-A4F6-E611658BA3F2}.Debug|Any CPU.Build.0 = Debug|Any CPU
		{3D0E8FE1-92FC-4E06-A4F6-E611658BA3F2}.Release|Any CPU.ActiveCfg = Release|Any CPU
		{3D0E8FE1-92FC-4E06-A4F6-E611658BA3F2}.Release|Any CPU.Build.0 = Release|Any CPU
	EndGlobalSection
	GlobalSection(SolutionProperties) = preSolution
		HideSolutionNode = FALSE
	EndGlobalSection
	GlobalSection(ExtensibilityGlobals) = postSolution
		SolutionGuid = {4BC83D27-2956-4A70-A281-077C7ED7E5AE}
	EndGlobalSection
EndGlobal
